
Microsoft Visual Studio Solution File, Format Version 12.00
# Visual Studio Version 16
VisualStudioVersion = 16.0.31729.503
MinimumVisualStudioVersion = 10.0.40219.1
Project("{FAE04EC0-301F-11D3-BF4B-00C04F79EFBC}") = "Шифр Вижинера", "Шифр Вижинера\Шифр Вижинера.csproj", "{F0767D4A-494A-4A4C-B0E5-906617280D9D}"
EndProject
Global
	GlobalSection(SolutionConfigurationPlatforms) = preSolution
		Debug|Any CPU = Debug|Any CPU
		Release|Any CPU = Release|Any CPU
	EndGlobalSection
	GlobalSection(ProjectConfigurationPlatforms) = postSolution
		{F0767D4A-494A-4A4C-B0E5-906617280D9D}.Debug|Any CPU.ActiveCfg = Debug|Any CPU
		{F0767D4A-494A-4A4C-B0E5-906617280D9D}.Debug|Any CPU.Build.0 = Debug|Any CPU
		{F0767D4A-494A-4A4C-B0E5-906617280D9D}.Release|Any CPU.ActiveCfg = Release|Any CPU
		{F0767D4A-494A-4A4C-B0E5-906617280D9D}.Release|Any CPU.Build.0 = Release|Any CPU
	EndGlobalSection
	GlobalSection(SolutionProperties) = preSolution
		HideSolutionNode = FALSE
	EndGlobalSection
	GlobalSection(ExtensibilityGlobals) = postSolution
		SolutionGuid = {BFE30730-7340-4463-B868-B964C8B3B678}
	EndGlobalSection
EndGlobal
